// !$*UTF8*$!
{
	archiveVersion = 1;
	classes = {
	};
	objectVersion = 55;
	objects = {

/* Begin PBXBuildFile section */
		C54D3BBF28BCDD7C0005740E /* AppDelegate.swift in Sources */ = {isa = PBXBuildFile; fileRef = C54D3BBE28BCDD7C0005740E /* AppDelegate.swift */; };
		C54D3BC128BCDD7C0005740E /* SceneDelegate.swift in Sources */ = {isa = PBXBuildFile; fileRef = C54D3BC028BCDD7C0005740E /* SceneDelegate.swift */; };
		C54D3BC328BCDD7C0005740E /* ViewController.swift in Sources */ = {isa = PBXBuildFile; fileRef = C54D3BC228BCDD7C0005740E /* ViewController.swift */; };
		C54D3BC628BCDD7C0005740E /* Main.storyboard in Resources */ = {isa = PBXBuildFile; fileRef = C54D3BC428BCDD7C0005740E /* Main.storyboard */; };
		C54D3BC828BCDD7F0005740E /* Assets.xcassets in Resources */ = {isa = PBXBuildFile; fileRef = C54D3BC728BCDD7F0005740E /* Assets.xcassets */; };
		C54D3BCB28BCDD7F0005740E /* LaunchScreen.storyboard in Resources */ = {isa = PBXBuildFile; fileRef = C54D3BC928BCDD7F0005740E /* LaunchScreen.storyboard */; };
		C54D3BD628BCDD800005740E /* videoRecorderTests.swift in Sources */ = {isa = PBXBuildFile; fileRef = C54D3BD528BCDD800005740E /* videoRecorderTests.swift */; };
		C54D3BE028BCDD800005740E /* videoRecorderUITests.swift in Sources */ = {isa = PBXBuildFile; fileRef = C54D3BDF28BCDD800005740E /* videoRecorderUITests.swift */; };
		C54D3BE228BCDD800005740E /* videoRecorderUITestsLaunchTests.swift in Sources */ = {isa = PBXBuildFile; fileRef = C54D3BE128BCDD800005740E /* videoRecorderUITestsLaunchTests.swift */; };
/* End PBXBuildFile section */

/* Begin PBXContainerItemProxy section */
		C54D3BD228BCDD800005740E /* PBXContainerItemProxy */ = {
			isa = PBXContainerItemProxy;
			containerPortal = C54D3BB328BCDD7C0005740E /* Project object */;
			proxyType = 1;
			remoteGlobalIDString = C54D3BBA28BCDD7C0005740E;
			remoteInfo = videoRecorder;
		};
		C54D3BDC28BCDD800005740E /* PBXContainerItemProxy */ = {
			isa = PBXContainerItemProxy;
			containerPortal = C54D3BB328BCDD7C0005740E /* Project object */;
			proxyType = 1;
			remoteGlobalIDString = C54D3BBA28BCDD7C0005740E;
			remoteInfo = videoRecorder;
		};
/* End PBXContainerItemProxy section */

/* Begin PBXFileReference section */
		C54D3BBB28BCDD7C0005740E /* videoRecorder.app */ = {isa = PBXFileReference; explicitFileType = wrapper.application; includeInIndex = 0; path = videoRecorder.app; sourceTree = BUILT_PRODUCTS_DIR; };
		C54D3BBE28BCDD7C0005740E /* AppDelegate.swift */ = {isa = PBXFileReference; lastKnownFileType = sourcecode.swift; path = AppDelegate.swift; sourceTree = "<group>"; };
		C54D3BC028BCDD7C0005740E /* SceneDelegate.swift */ = {isa = PBXFileReference; lastKnownFileType = sourcecode.swift; path = SceneDelegate.swift; sourceTree = "<group>"; };
		C54D3BC228BCDD7C0005740E /* ViewController.swift */ = {isa = PBXFileReference; lastKnownFileType = sourcecode.swift; path = ViewController.swift; sourceTree = "<group>"; };
		C54D3BC528BCDD7C0005740E /* Base */ = {isa = PBXFileReference; lastKnownFileType = file.storyboard; name = Base; path = Base.lproj/Main.storyboard; sourceTree = "<group>"; };
		C54D3BC728BCDD7F0005740E /* Assets.xcassets */ = {isa = PBXFileReference; lastKnownFileType = folder.assetcatalog; path = Assets.xcassets; sourceTree = "<group>"; };
		C54D3BCA28BCDD7F0005740E /* Base */ = {isa = PBXFileReference; lastKnownFileType = file.storyboard; name = Base; path = Base.lproj/LaunchScreen.storyboard; sourceTree = "<group>"; };
		C54D3BCC28BCDD7F0005740E /* Info.plist */ = {isa = PBXFileReference; lastKnownFileType = text.plist.xml; path = Info.plist; sourceTree = "<group>"; };
		C54D3BD128BCDD800005740E /* videoRecorderTests.xctest */ = {isa = PBXFileReference; explicitFileType = wrapper.cfbundle; includeInIndex = 0; path = videoRecorderTests.xctest; sourceTree = BUILT_PRODUCTS_DIR; };
		C54D3BD528BCDD800005740E /* videoRecorderTests.swift */ = {isa = PBXFileReference; lastKnownFileType = sourcecode.swift; path = videoRecorderTests.swift; sourceTree = "<group>"; };
		C54D3BDB28BCDD800005740E /* videoRecorderUITests.xctest */ = {isa = PBXFileReference; explicitFileType = wrapper.cfbundle; includeInIndex = 0; path = videoRecorderUITests.xctest; sourceTree = BUILT_PRODUCTS_DIR; };
		C54D3BDF28BCDD800005740E /* videoRecorderUITests.swift */ = {isa = PBXFileReference; lastKnownFileType = sourcecode.swift; path = videoRecorderUITests.swift; sourceTree = "<group>"; };
		C54D3BE128BCDD800005740E /* videoRecorderUITestsLaunchTests.swift */ = {isa = PBXFileReference; lastKnownFileType = sourcecode.swift; path = videoRecorderUITestsLaunchTests.swift; sourceTree = "<group>"; };
/* End PBXFileReference section */

/* Begin PBXFrameworksBuildPhase section */
		C54D3BB828BCDD7C0005740E /* Frameworks */ = {
			isa = PBXFrameworksBuildPhase;
			buildActionMask = 2147483647;
			files = (
			);
			runOnlyForDeploymentPostprocessing = 0;
		};
		C54D3BCE28BCDD800005740E /* Frameworks */ = {
			isa = PBXFrameworksBuildPhase;
			buildActionMask = 2147483647;
			files = (
			);
			runOnlyForDeploymentPostprocessing = 0;
		};
		C54D3BD828BCDD800005740E /* Frameworks */ = {
			isa = PBXFrameworksBuildPhase;
			buildActionMask = 2147483647;
			files = (
			);
			runOnlyForDeploymentPostprocessing = 0;
		};
/* End PBXFrameworksBuildPhase section */

/* Begin PBXGroup section */
		C54D3BB228BCDD7C0005740E = {
			isa = PBXGroup;
			children = (
				C54D3BBD28BCDD7C0005740E /* videoRecorder */,
				C54D3BD428BCDD800005740E /* videoRecorderTests */,
				C54D3BDE28BCDD800005740E /* videoRecorderUITests */,
				C54D3BBC28BCDD7C0005740E /* Products */,
			);
			sourceTree = "<group>";
		};
		C54D3BBC28BCDD7C0005740E /* Products */ = {
			isa = PBXGroup;
			children = (
				C54D3BBB28BCDD7C0005740E /* videoRecorder.app */,
				C54D3BD128BCDD800005740E /* videoRecorderTests.xctest */,
				C54D3BDB28BCDD800005740E /* videoRecorderUITests.xctest */,
			);
			name = Products;
			sourceTree = "<group>";
		};
		C54D3BBD28BCDD7C0005740E /* videoRecorder */ = {
			isa = PBXGroup;
			children = (
				C54D3BBE28BCDD7C0005740E /* AppDelegate.swift */,
				C54D3BC028BCDD7C0005740E /* SceneDelegate.swift */,
				C54D3BC228BCDD7C0005740E /* ViewController.swift */,
				C54D3BC428BCDD7C0005740E /* Main.storyboard */,
				C54D3BC728BCDD7F0005740E /* Assets.xcassets */,
				C54D3BC928BCDD7F0005740E /* LaunchScreen.storyboard */,
				C54D3BCC28BCDD7F0005740E /* Info.plist */,
			);
			path = videoRecorder;
			sourceTree = "<group>";
		};
		C54D3BD428BCDD800005740E /* videoRecorderTests */ = {
			isa = PBXGroup;
			children = (
				C54D3BD528BCDD800005740E /* videoRecorderTests.swift */,
			);
			path = videoRecorderTests;
			sourceTree = "<group>";
		};
		C54D3BDE28BCDD800005740E /* videoRecorderUITests */ = {
			isa = PBXGroup;
			children = (
				C54D3BDF28BCDD800005740E /* videoRecorderUITests.swift */,
				C54D3BE128BCDD800005740E /* videoRecorderUITestsLaunchTests.swift */,
			);
			path = videoRecorderUITests;
			sourceTree = "<group>";
		};
/* End PBXGroup section */

/* Begin PBXNativeTarget section */
		C54D3BBA28BCDD7C0005740E /* videoRecorder */ = {
			isa = PBXNativeTarget;
			buildConfigurationList = C54D3BE528BCDD800005740E /* Build configuration list for PBXNativeTarget "videoRecorder" */;
			buildPhases = (
				C54D3BB728BCDD7C0005740E /* Sources */,
				C54D3BB828BCDD7C0005740E /* Frameworks */,
				C54D3BB928BCDD7C0005740E /* Resources */,
			);
			buildRules = (
			);
			dependencies = (
			);
			name = videoRecorder;
			productName = videoRecorder;
			productReference = C54D3BBB28BCDD7C0005740E /* videoRecorder.app */;
			productType = "com.apple.product-type.application";
		};
		C54D3BD028BCDD800005740E /* videoRecorderTests */ = {
			isa = PBXNativeTarget;
			buildConfigurationList = C54D3BE828BCDD800005740E /* Build configuration list for PBXNativeTarget "videoRecorderTests" */;
			buildPhases = (
				C54D3BCD28BCDD800005740E /* Sources */,
				C54D3BCE28BCDD800005740E /* Frameworks */,
				C54D3BCF28BCDD800005740E /* Resources */,
			);
			buildRules = (
			);
			dependencies = (
				C54D3BD328BCDD800005740E /* PBXTargetDependency */,
			);
			name = videoRecorderTests;
			productName = videoRecorderTests;
			productReference = C54D3BD128BCDD800005740E /* videoRecorderTests.xctest */;
			productType = "com.apple.product-type.bundle.unit-test";
		};
		C54D3BDA28BCDD800005740E /* videoRecorderUITests */ = {
			isa = PBXNativeTarget;
			buildConfigurationList = C54D3BEB28BCDD800005740E /* Build configuration list for PBXNativeTarget "videoRecorderUITests" */;
			buildPhases = (
				C54D3BD728BCDD800005740E /* Sources */,
				C54D3BD828BCDD800005740E /* Frameworks */,
				C54D3BD928BCDD800005740E /* Resources */,
			);
			buildRules = (
			);
			dependencies = (
				C54D3BDD28BCDD800005740E /* PBXTargetDependency */,
			);
			name = videoRecorderUITests;
			productName = videoRecorderUITests;
			productReference = C54D3BDB28BCDD800005740E /* videoRecorderUITests.xctest */;
			productType = "com.apple.product-type.bundle.ui-testing";
		};
/* End PBXNativeTarget section */

/* Begin PBXProject section */
		C54D3BB328BCDD7C0005740E /* Project object */ = {
			isa = PBXProject;
			attributes = {
				BuildIndependentTargetsInParallel = 1;
				LastSwiftUpdateCheck = 1320;
				LastUpgradeCheck = 1320;
				TargetAttributes = {
					C54D3BBA28BCDD7C0005740E = {
						CreatedOnToolsVersion = 13.2.1;
					};
					C54D3BD028BCDD800005740E = {
						CreatedOnToolsVersion = 13.2.1;
						TestTargetID = C54D3BBA28BCDD7C0005740E;
					};
					C54D3BDA28BCDD800005740E = {
						CreatedOnToolsVersion = 13.2.1;
						TestTargetID = C54D3BBA28BCDD7C0005740E;
					};
				};
			};
			buildConfigurationList = C54D3BB628BCDD7C0005740E /* Build configuration list for PBXProject "videoRecorder" */;
			compatibilityVersion = "Xcode 13.0";
			developmentRegion = en;
			hasScannedForEncodings = 0;
			knownRegions = (
				en,
				Base,
			);
			mainGroup = C54D3BB228BCDD7C0005740E;
			productRefGroup = C54D3BBC28BCDD7C0005740E /* Products */;
			projectDirPath = "";
			projectRoot = "";
			targets = (
				C54D3BBA28BCDD7C0005740E /* videoRecorder */,
				C54D3BD028BCDD800005740E /* videoRecorderTests */,
				C54D3BDA28BCDD800005740E /* videoRecorderUITests */,
			);
		};
/* End PBXProject section */

/* Begin PBXResourcesBuildPhase section */
		C54D3BB928BCDD7C0005740E /* Resources */ = {
			isa = PBXResourcesBuildPhase;
			buildActionMask = 2147483647;
			files = (
				C54D3BCB28BCDD7F0005740E /* LaunchScreen.storyboard in Resources */,
				C54D3BC828BCDD7F0005740E /* Assets.xcassets in Resources */,
				C54D3BC628BCDD7C0005740E /* Main.storyboard in Resources */,
			);
			runOnlyForDeploymentPostprocessing = 0;
		};
		C54D3BCF28BCDD800005740E /* Resources */ = {
			isa = PBXResourcesBuildPhase;
			buildActionMask = 2147483647;
			files = (
			);
			runOnlyForDeploymentPostprocessing = 0;
		};
		C54D3BD928BCDD800005740E /* Resources */ = {
			isa = PBXResourcesBuildPhase;
			buildActionMask = 2147483647;
			files = (
			);
			runOnlyForDeploymentPostprocessing = 0;
		};
/* End PBXResourcesBuildPhase section */

/* Begin PBXSourcesBuildPhase section */
		C54D3BB728BCDD7C0005740E /* Sources */ = {
			isa = PBXSourcesBuildPhase;
			buildActionMask = 2147483647;
			files = (
				C54D3BC328BCDD7C0005740E /* ViewController.swift in Sources */,
				C54D3BBF28BCDD7C0005740E /* AppDelegate.swift in Sources */,
				C54D3BC128BCDD7C0005740E /* SceneDelegate.swift in Sources */,
			);
			runOnlyForDeploymentPostprocessing = 0;
		};
		C54D3BCD28BCDD800005740E /* Sources */ = {
			isa = PBXSourcesBuildPhase;
			buildActionMask = 2147483647;
			files = (
				C54D3BD628BCDD800005740E /* videoRecorderTests.swift in Sources */,
			);
			runOnlyForDeploymentPostprocessing = 0;
		};
		C54D3BD728BCDD800005740E /* Sources */ = {
			isa = PBXSourcesBuildPhase;
			buildActionMask = 2147483647;
			files = (
				C54D3BE228BCDD800005740E /* videoRecorderUITestsLaunchTests.swift in Sources */,
				C54D3BE028BCDD800005740E /* videoRecorderUITests.swift in Sources */,
			);
			runOnlyForDeploymentPostprocessing = 0;
		};
/* End PBXSourcesBuildPhase section */

/* Begin PBXTargetDependency section */
		C54D3BD328BCDD800005740E /* PBXTargetDependency */ = {
			isa = PBXTargetDependency;
			target = C54D3BBA28BCDD7C0005740E /* videoRecorder */;
			targetProxy = C54D3BD228BCDD800005740E /* PBXContainerItemProxy */;
		};
		C54D3BDD28BCDD800005740E /* PBXTargetDependency */ = {
			isa = PBXTargetDependency;
			target = C54D3BBA28BCDD7C0005740E /* videoRecorder */;
			targetProxy = C54D3BDC28BCDD800005740E /* PBXContainerItemProxy */;
		};
/* End PBXTargetDependency section */

/* Begin PBXVariantGroup section */
		C54D3BC428BCDD7C0005740E /* Main.storyboard */ = {
			isa = PBXVariantGroup;
			children = (
				C54D3BC528BCDD7C0005740E /* Base */,
			);
			name = Main.storyboard;
			sourceTree = "<group>";
		};
		C54D3BC928BCDD7F0005740E /* LaunchScreen.storyboard */ = {
			isa = PBXVariantGroup;
			children = (
				C54D3BCA28BCDD7F0005740E /* Base */,
			);
			name = LaunchScreen.storyboard;
			sourceTree = "<group>";
		};
/* End PBXVariantGroup section */

/* Begin XCBuildConfiguration section */
		C54D3BE328BCDD800005740E /* Debug */ = {
			isa = XCBuildConfiguration;
			buildSettings = {
				ALWAYS_SEARCH_USER_PATHS = NO;
				CLANG_ANALYZER_NONNULL = YES;
				CLANG_ANALYZER_NUMBER_OBJECT_CONVERSION = YES_AGGRESSIVE;
				CLANG_CXX_LANGUAGE_STANDARD = "gnu++17";
				CLANG_CXX_LIBRARY = "libc++";
				CLANG_ENABLE_MODULES = YES;
				CLANG_ENABLE_OBJC_ARC = YES;
				CLANG_ENABLE_OBJC_WEAK = YES;
				CLANG_WARN_BLOCK_CAPTURE_AUTORELEASING = YES;
				CLANG_WARN_BOOL_CONVERSION = YES;
				CLANG_WARN_COMMA = YES;
				CLANG_WARN_CONSTANT_CONVERSION = YES;
				CLANG_WARN_DEPRECATED_OBJC_IMPLEMENTATIONS = YES;
				CLANG_WARN_DIRECT_OBJC_ISA_USAGE = YES_ERROR;
				CLANG_WARN_DOCUMENTATION_COMMENTS = YES;
				CLANG_WARN_EMPTY_BODY = YES;
				CLANG_WARN_ENUM_CONVERSION = YES;
				CLANG_WARN_INFINITE_RECURSION = YES;
				CLANG_WARN_INT_CONVERSION = YES;
				CLANG_WARN_NON_LITERAL_NULL_CONVERSION = YES;
				CLANG_WARN_OBJC_IMPLICIT_RETAIN_SELF = YES;
				CLANG_WARN_OBJC_LITERAL_CONVERSION = YES;
				CLANG_WARN_OBJC_ROOT_CLASS = YES_ERROR;
				CLANG_WARN_QUOTED_INCLUDE_IN_FRAMEWORK_HEADER = YES;
				CLANG_WARN_RANGE_LOOP_ANALYSIS = YES;
				CLANG_WARN_STRICT_PROTOTYPES = YES;
				CLANG_WARN_SUSPICIOUS_MOVE = YES;
				CLANG_WARN_UNGUARDED_AVAILABILITY = YES_AGGRESSIVE;
				CLANG_WARN_UNREACHABLE_CODE = YES;
				CLANG_WARN__DUPLICATE_METHOD_MATCH = YES;
				COPY_PHASE_STRIP = NO;
				DEBUG_INFORMATION_FORMAT = dwarf;
				ENABLE_STRICT_OBJC_MSGSEND = YES;
				ENABLE_TESTABILITY = YES;
				GCC_C_LANGUAGE_STANDARD = gnu11;
				GCC_DYNAMIC_NO_PIC = NO;
				GCC_NO_COMMON_BLOCKS = YES;
				GCC_OPTIMIZATION_LEVEL = 0;
				GCC_PREPROCESSOR_DEFINITIONS = (
					"DEBUG=1",
					"$(inherited)",
				);
				GCC_WARN_64_TO_32_BIT_CONVERSION = YES;
				GCC_WARN_ABOUT_RETURN_TYPE = YES_ERROR;
				GCC_WARN_UNDECLARED_SELECTOR = YES;
				GCC_WARN_UNINITIALIZED_AUTOS = YES_AGGRESSIVE;
				GCC_WARN_UNUSED_FUNCTION = YES;
				GCC_WARN_UNUSED_VARIABLE = YES;
				IPHONEOS_DEPLOYMENT_TARGET = 15.2;
				MTL_ENABLE_DEBUG_INFO = INCLUDE_SOURCE;
				MTL_FAST_MATH = YES;
				ONLY_ACTIVE_ARCH = YES;
				SDKROOT = iphoneos;
				SWIFT_ACTIVE_COMPILATION_CONDITIONS = DEBUG;
				SWIFT_OPTIMIZATION_LEVEL = "-Onone";
			};
			name = Debug;
		};
		C54D3BE428BCDD800005740E /* Release */ = {
			isa = XCBuildConfiguration;
			buildSettings = {
				ALWAYS_SEARCH_USER_PATHS = NO;
				CLANG_ANALYZER_NONNULL = YES;
				CLANG_ANALYZER_NUMBER_OBJECT_CONVERSION = YES_AGGRESSIVE;
				CLANG_CXX_LANGUAGE_STANDARD = "gnu++17";
				CLANG_CXX_LIBRARY = "libc++";
				CLANG_ENABLE_MODULES = YES;
				CLANG_ENABLE_OBJC_ARC = YES;
				CLANG_ENABLE_OBJC_WEAK = YES;
				CLANG_WARN_BLOCK_CAPTURE_AUTORELEASING = YES;
				CLANG_WARN_BOOL_CONVERSION = YES;
				CLANG_WARN_COMMA = YES;
				CLANG_WARN_CONSTANT_CONVERSION = YES;
				CLANG_WARN_DEPRECATED_OBJC_IMPLEMENTATIONS = YES;
				CLANG_WARN_DIRECT_OBJC_ISA_USAGE = YES_ERROR;
				CLANG_WARN_DOCUMENTATION_COMMENTS = YES;
				CLANG_WARN_EMPTY_BODY = YES;
				CLANG_WARN_ENUM_CONVERSION = YES;
				CLANG_WARN_INFINITE_RECURSION = YES;
				CLANG_WARN_INT_CONVERSION = YES;
				CLANG_WARN_NON_LITERAL_NULL_CONVERSION = YES;
				CLANG_WARN_OBJC_IMPLICIT_RETAIN_SELF = YES;
				CLANG_WARN_OBJC_LITERAL_CONVERSION = YES;
				CLANG_WARN_OBJC_ROOT_CLASS = YES_ERROR;
				CLANG_WARN_QUOTED_INCLUDE_IN_FRAMEWORK_HEADER = YES;
				CLANG_WARN_RANGE_LOOP_ANALYSIS = YES;
				CLANG_WARN_STRICT_PROTOTYPES = YES;
				CLANG_WARN_SUSPICIOUS_MOVE = YES;
				CLANG_WARN_UNGUARDED_AVAILABILITY = YES_AGGRESSIVE;
				CLANG_WARN_UNREACHABLE_CODE = YES;
				CLANG_WARN__DUPLICATE_METHOD_MATCH = YES;
				COPY_PHASE_STRIP = NO;
				DEBUG_INFORMATION_FORMAT = "dwarf-with-dsym";
				ENABLE_NS_ASSERTIONS = NO;
				ENABLE_STRICT_OBJC_MSGSEND = YES;
				GCC_C_LANGUAGE_STANDARD = gnu11;
				GCC_NO_COMMON_BLOCKS = YES;
				GCC_WARN_64_TO_32_BIT_CONVERSION = YES;
				GCC_WARN_ABOUT_RETURN_TYPE = YES_ERROR;
				GCC_WARN_UNDECLARED_SELECTOR = YES;
				GCC_WARN_UNINITIALIZED_AUTOS = YES_AGGRESSIVE;
				GCC_WARN_UNUSED_FUNCTION = YES;
				GCC_WARN_UNUSED_VARIABLE = YES;
				IPHONEOS_DEPLOYMENT_TARGET = 15.2;
				MTL_ENABLE_DEBUG_INFO = NO;
				MTL_FAST_MATH = YES;
				SDKROOT = iphoneos;
				SWIFT_COMPILATION_MODE = wholemodule;
				SWIFT_OPTIMIZATION_LEVEL = "-O";
				VALIDATE_PRODUCT = YES;
			};
			name = Release;
		};
		C54D3BE628BCDD800005740E /* Debug */ = {
			isa = XCBuildConfiguration;
			buildSettings = {
				ASSETCATALOG_COMPILER_APPICON_NAME = AppIcon;
				ASSETCATALOG_COMPILER_GLOBAL_ACCENT_COLOR_NAME = AccentColor;
				CODE_SIGN_STYLE = Automatic;
				CURRENT_PROJECT_VERSION = 1;
				GENERATE_INFOPLIST_FILE = YES;
				INFOPLIST_FILE = videoRecorder/Info.plist;
				INFOPLIST_KEY_UIApplicationSupportsIndirectInputEvents = YES;
				INFOPLIST_KEY_UILaunchStoryboardName = LaunchScreen;
				INFOPLIST_KEY_UIMainStoryboardFile = Main;
				INFOPLIST_KEY_UISupportedInterfaceOrientations_iPad = "UIInterfaceOrientationPortrait UIInterfaceOrientationPortraitUpsideDown UIInterfaceOrientationLandscapeLeft UIInterfaceOrientationLandscapeRight";
				INFOPLIST_KEY_UISupportedInterfaceOrientations_iPhone = "UIInterfaceOrientationPortrait UIInterfaceOrientationLandscapeLeft UIInterfaceOrientationLandscapeRight";
				LD_RUNPATH_SEARCH_PATHS = (
					"$(inherited)",
					"@executable_path/Frameworks",
				);
				MARKETING_VERSION = 1.0;
				PRODUCT_BUNDLE_IDENTIFIER = signin.videoRecorder;
				PRODUCT_NAME = "$(TARGET_NAME)";
				SWIFT_EMIT_LOC_STRINGS = YES;
				SWIFT_VERSION = 5.0;
				TARGETED_DEVICE_FAMILY = "1,2";
			};
			name = Debug;
		};
		C54D3BE728BCDD800005740E /* Release */ = {
			isa = XCBuildConfiguration;
			buildSettings = {
				ASSETCATALOG_COMPILER_APPICON_NAME = AppIcon;
				ASSETCATALOG_COMPILER_GLOBAL_ACCENT_COLOR_NAME = AccentColor;
				CODE_SIGN_STYLE = Automatic;
				CURRENT_PROJECT_VERSION = 1;
				GENERATE_INFOPLIST_FILE = YES;
				INFOPLIST_FILE = videoRecorder/Info.plist;
				INFOPLIST_KEY_UIApplicationSupportsIndirectInputEvents = YES;
				INFOPLIST_KEY_UILaunchStoryboardName = LaunchScreen;
				INFOPLIST_KEY_UIMainStoryboardFile = Main;
				INFOPLIST_KEY_UISupportedInterfaceOrientations_iPad = "UIInterfaceOrientationPortrait UIInterfaceOrientationPortraitUpsideDown UIInterfaceOrientationLandscapeLeft UIInterfaceOrientationLandscapeRight";
				INFOPLIST_KEY_UISupportedInterfaceOrientations_iPhone = "UIInterfaceOrientationPortrait UIInterfaceOrientationLandscapeLeft UIInterfaceOrientationLandscapeRight";
				LD_RUNPATH_SEARCH_PATHS = (
					"$(inherited)",
					"@executable_path/Frameworks",
				);
				MARKETING_VERSION = 1.0;
				PRODUCT_BUNDLE_IDENTIFIER = signin.videoRecorder;
				PRODUCT_NAME = "$(TARGET_NAME)";
				SWIFT_EMIT_LOC_STRINGS = YES;
				SWIFT_VERSION = 5.0;
				TARGETED_DEVICE_FAMILY = "1,2";
			};
			name = Release;
		};
		C54D3BE928BCDD800005740E /* Debug */ = {
			isa = XCBuildConfiguration;
			buildSettings = {
				ALWAYS_EMBED_SWIFT_STANDARD_LIBRARIES = YES;
				BUNDLE_LOADER = "$(TEST_HOST)";
				CODE_SIGN_STYLE = Automatic;
				CURRENT_PROJECT_VERSION = 1;
				GENERATE_INFOPLIST_FILE = YES;
				IPHONEOS_DEPLOYMENT_TARGET = 15.2;
				MARKETING_VERSION = 1.0;
				PRODUCT_BUNDLE_IDENTIFIER = signin.videoRecorderTests;
				PRODUCT_NAME = "$(TARGET_NAME)";
				SWIFT_EMIT_LOC_STRINGS = NO;
				SWIFT_VERSION = 5.0;
				TARGETED_DEVICE_FAMILY = "1,2";
				TEST_HOST = "$(BUILT_PRODUCTS_DIR)/videoRecorder.app/videoRecorder";
			};
			name = Debug;
		};
		C54D3BEA28BCDD800005740E /* Release */ = {
			isa = XCBuildConfiguration;
			buildSettings = {
				ALWAYS_EMBED_SWIFT_STANDARD_LIBRARIES = YES;
				BUNDLE_LOADER = "$(TEST_HOST)";
				CODE_SIGN_STYLE = Automatic;
				CURRENT_PROJECT_VERSION = 1;
				GENERATE_INFOPLIST_FILE = YES;
				IPHONEOS_DEPLOYMENT_TARGET = 15.2;
				MARKETING_VERSION = 1.0;
				PRODUCT_BUNDLE_IDENTIFIER = signin.videoRecorderTests;
				PRODUCT_NAME = "$(TARGET_NAME)";
				SWIFT_EMIT_LOC_STRINGS = NO;
				SWIFT_VERSION = 5.0;
				TARGETED_DEVICE_FAMILY = "1,2";
				TEST_HOST = "$(BUILT_PRODUCTS_DIR)/videoRecorder.app/videoRecorder";
			};
			name = Release;
		};
		C54D3BEC28BCDD800005740E /* Debug */ = {
			isa = XCBuildConfiguration;
			buildSettings = {
				ALWAYS_EMBED_SWIFT_STANDARD_LIBRARIES = YES;
				CODE_SIGN_STYLE = Automatic;
				CURRENT_PROJECT_VERSION = 1;
				GENERATE_INFOPLIST_FILE = YES;
				MARKETING_VERSION = 1.0;
				PRODUCT_BUNDLE_IDENTIFIER = signin.videoRecorderUITests;
				PRODUCT_NAME = "$(TARGET_NAME)";
				SWIFT_EMIT_LOC_STRINGS = NO;
				SWIFT_VERSION = 5.0;
				TARGETED_DEVICE_FAMILY = "1,2";
				TEST_TARGET_NAME = videoRecorder;
			};
			name = Debug;
		};
		C54D3BED28BCDD800005740E /* Release */ = {
			isa = XCBuildConfiguration;
			buildSettings = {
				ALWAYS_EMBED_SWIFT_STANDARD_LIBRARIES = YES;
				CODE_SIGN_STYLE = Automatic;
				CURRENT_PROJECT_VERSION = 1;
				GENERATE_INFOPLIST_FILE = YES;
				MARKETING_VERSION = 1.0;
				PRODUCT_BUNDLE_IDENTIFIER = signin.videoRecorderUITests;
				PRODUCT_NAME = "$(TARGET_NAME)";
				SWIFT_EMIT_LOC_STRINGS = NO;
				SWIFT_VERSION = 5.0;
				TARGETED_DEVICE_FAMILY = "1,2";
				TEST_TARGET_NAME = videoRecorder;
			};
			name = Release;
		};
/* End XCBuildConfiguration section */

/* Begin XCConfigurationList section */
		C54D3BB628BCDD7C0005740E /* Build configuration list for PBXProject "videoRecorder" */ = {
			isa = XCConfigurationList;
			buildConfigurations = (
				C54D3BE328BCDD800005740E /* Debug */,
				C54D3BE428BCDD800005740E /* Release */,
			);
			defaultConfigurationIsVisible = 0;
			defaultConfigurationName = Release;
		};
		C54D3BE528BCDD800005740E /* Build configuration list for PBXNativeTarget "videoRecorder" */ = {
			isa = XCConfigurationList;
			buildConfigurations = (
				C54D3BE628BCDD800005740E /* Debug */,
				C54D3BE728BCDD800005740E /* Release */,
			);
			defaultConfigurationIsVisible = 0;
			defaultConfigurationName = Release;
		};
		C54D3BE828BCDD800005740E /* Build configuration list for PBXNativeTarget "videoRecorderTests" */ = {
			isa = XCConfigurationList;
			buildConfigurations = (
				C54D3BE928BCDD800005740E /* Debug */,
				C54D3BEA28BCDD800005740E /* Release */,
			);
			defaultConfigurationIsVisible = 0;
			defaultConfigurationName = Release;
		};
		C54D3BEB28BCDD800005740E /* Build configuration list for PBXNativeTarget "videoRecorderUITests" */ = {
			isa = XCConfigurationList;
			buildConfigurations = (
				C54D3BEC28BCDD800005740E /* Debug */,
				C54D3BED28BCDD800005740E /* Release */,
			);
			defaultConfigurationIsVisible = 0;
			defaultConfigurationName = Release;
		};
/* End XCConfigurationList section */
	};
	rootObject = C54D3BB328BCDD7C0005740E /* Project object */;
}
